
Microsoft Visual Studio Solution File, Format Version 12.00
# Visual Studio Version 16
VisualStudioVersion = 16.0.30128.74
MinimumVisualStudioVersion = 10.0.40219.1
Project("{FAE04EC0-301F-11D3-BF4B-00C04F79EFBC}") = "BlazorAppDemo2", "BlazorAppDemo2.csproj", "{75423954-93CB-4EE6-9C72-D31642426EE3}"
EndProject
Global
	GlobalSection(SolutionConfigurationPlatforms) = preSolution
		Debug|Any CPU = Debug|Any CPU
		Release|Any CPU = Release|Any CPU
	EndGlobalSection
	GlobalSection(ProjectConfigurationPlatforms) = postSolution
		{75423954-93CB-4EE6-9C72-D31642426EE3}.Debug|Any CPU.ActiveCfg = Debug|Any CPU
		{75423954-93CB-4EE6-9C72-D31642426EE3}.Debug|Any CPU.Build.0 = Debug|Any CPU
		{75423954-93CB-4EE6-9C72-D31642426EE3}.Release|Any CPU.ActiveCfg = Release|Any CPU
		{75423954-93CB-4EE6-9C72-D31642426EE3}.Release|Any CPU.Build.0 = Release|Any CPU
	EndGlobalSection
	GlobalSection(SolutionProperties) = preSolution
		HideSolutionNode = FALSE
	EndGlobalSection
	GlobalSection(ExtensibilityGlobals) = postSolution
		SolutionGuid = {D2E834FC-EB33-4787-B08F-DE2B89F6D78A}
	EndGlobalSection
EndGlobal
